<?xml version="1.0" encoding="utf-8"?>
<Project ToolsVersion="17.0" xmlns="http://schemas.microsoft.com/developer/msbuild/2003">
  <ItemGroup>
    <CustomBuild Include="C:\dev\Diffuse\CMakeFiles\b2a137b41af749da4fc51c82e8e7564d\generate.stamp.rule">
      <Filter>CMake Rules</Filter>
    </CustomBuild>
  </ItemGroup>
  <ItemGroup>
    <None Include="C:\dev\Diffuse\dependencies\glm\cmake\glm\glmConfig-version.cmake">
      <Filter>Buildsystem Input Files\dependencies\glm\cmake\glm</Filter>
    </None>
    <None Include="C:\dev\Diffuse\dependencies\glm\cmake\glm\glmConfig.cmake">
      <Filter>Buildsystem Input Files\dependencies\glm\cmake\glm</Filter>
    </None>
  </ItemGroup>
  <ItemGroup>
    <Filter Include="CMake Rules">
      <UniqueIdentifier>{4B9EB97F-D225-3D48-9CB9-EF1ADFBEBC6C}</UniqueIdentifier>
    </Filter>
    <Filter Include="Buildsystem Input Files\dependencies\glm\cmake\glm">
      <UniqueIdentifier>{4A42C230-CBD7-38DC-984F-9D2104190E0D}</UniqueIdentifier>
    </Filter>
  </ItemGroup>
</Project>
