<?xml version="1.0" encoding="utf-8"?>
<Project ToolsVersion="17.0" xmlns="http://schemas.microsoft.com/developer/msbuild/2003">
  <ItemGroup>
    <ClCompile Include="C:\files\dev\dev\Diffuse\src\Application\Application.cpp">
      <Filter>Source Files</Filter>
    </ClCompile>
    <ClCompile Include="C:\files\dev\dev\Diffuse\src\Graphics\tiny_gltf.cpp">
      <Filter>Source Files</Filter>
    </ClCompile>
    <ClCompile Include="C:\files\dev\dev\Diffuse\src\Graphics\GraphicsDevice.cpp">
      <Filter>Source Files</Filter>
    </ClCompile>
    <ClCompile Include="C:\files\dev\dev\Diffuse\src\Renderer\Model.cpp">
      <Filter>Source Files</Filter>
    </ClCompile>
    <ClCompile Include="C:\files\dev\dev\Diffuse\src\Renderer\Scene.cpp">
      <Filter>Source Files</Filter>
    </ClCompile>
    <ClCompile Include="C:\files\dev\dev\Diffuse\src\Renderer\Texture2D.cpp">
      <Filter>Source Files</Filter>
    </ClCompile>
    <ClCompile Include="C:\files\dev\dev\Diffuse\src\Renderer\Renderer.cpp">
      <Filter>Source Files</Filter>
    </ClCompile>
    <ClCompile Include="C:\files\dev\dev\Diffuse\src\Renderer\Camera.cpp">
      <Filter>Source Files</Filter>
    </ClCompile>
    <ClCompile Include="C:\files\dev\dev\Diffuse\src\Graphics\Window.cpp">
      <Filter>Source Files</Filter>
    </ClCompile>
    <ClCompile Include="C:\files\dev\dev\Diffuse\src\Graphics\Swapchain.cpp">
      <Filter>Source Files</Filter>
    </ClCompile>
    <ClCompile Include="C:\files\dev\dev\Diffuse\src\Graphics\VulkanUtilities.cpp">
      <Filter>Source Files</Filter>
    </ClCompile>
    <ClCompile Include="C:\files\dev\dev\Diffuse\src\Graphics\Buffer.cpp">
      <Filter>Source Files</Filter>
    </ClCompile>
    <ClCompile Include="C:\files\dev\dev\Diffuse\src\Utils\ReadFile.cpp">
      <Filter>Source Files</Filter>
    </ClCompile>
    <ClCompile Include="C:\files\dev\dev\Diffuse\src\main.cpp">
      <Filter>Source Files</Filter>
    </ClCompile>
  </ItemGroup>
  <ItemGroup>
    <ClInclude Include="C:\files\dev\dev\Diffuse\include\Application.hpp">
      <Filter>Header Files</Filter>
    </ClInclude>
    <ClInclude Include="C:\files\dev\dev\Diffuse\include\Model.hpp">
      <Filter>Header Files</Filter>
    </ClInclude>
    <ClInclude Include="C:\files\dev\dev\Diffuse\include\Texture2D.hpp">
      <Filter>Header Files</Filter>
    </ClInclude>
    <ClInclude Include="C:\files\dev\dev\Diffuse\include\GraphicsDevice.hpp">
      <Filter>Header Files</Filter>
    </ClInclude>
    <ClInclude Include="C:\files\dev\dev\Diffuse\include\Swapchain.hpp">
      <Filter>Header Files</Filter>
    </ClInclude>
    <ClInclude Include="C:\files\dev\dev\Diffuse\include\Renderer.hpp">
      <Filter>Header Files</Filter>
    </ClInclude>
    <ClInclude Include="C:\files\dev\dev\Diffuse\include\Scene.hpp">
      <Filter>Header Files</Filter>
    </ClInclude>
    <ClInclude Include="C:\files\dev\dev\Diffuse\include\Camera.hpp">
      <Filter>Header Files</Filter>
    </ClInclude>
    <ClInclude Include="C:\files\dev\dev\Diffuse\include\Window.hpp">
      <Filter>Header Files</Filter>
    </ClInclude>
    <ClInclude Include="C:\files\dev\dev\Diffuse\include\VulkanUtilities.hpp">
      <Filter>Header Files</Filter>
    </ClInclude>
    <ClInclude Include="C:\files\dev\dev\Diffuse\include\Buffer.hpp">
      <Filter>Header Files</Filter>
    </ClInclude>
    <ClInclude Include="C:\files\dev\dev\Diffuse\include\ReadFile.hpp">
      <Filter>Header Files</Filter>
    </ClInclude>
    <ClInclude Include="C:\files\dev\dev\Diffuse\dependencies\tiny_gltf\json.hpp">
      <Filter>Header Files</Filter>
    </ClInclude>
    <ClInclude Include="C:\files\dev\dev\Diffuse\dependencies\tiny_gltf\tiny_gltf.h">
      <Filter>Header Files</Filter>
    </ClInclude>
  </ItemGroup>
  <ItemGroup>
    <CustomBuild Include="C:\files\dev\dev\Diffuse\CMakeLists.txt" />
  </ItemGroup>
  <ItemGroup>
    <Filter Include="Header Files">
      <UniqueIdentifier>{6A8BE86B-73B5-3596-8892-1CA8AD30C967}</UniqueIdentifier>
    </Filter>
    <Filter Include="Source Files">
      <UniqueIdentifier>{29D25543-FBC0-3158-94C5-F7FFFA5B06CF}</UniqueIdentifier>
    </Filter>
  </ItemGroup>
</Project>
